
Microsoft Visual Studio Solution File, Format Version 12.00
# Visual Studio Version 16
VisualStudioVersion = 16.0.30621.155
MinimumVisualStudioVersion = 10.0.40219.1
Project("{FAE04EC0-301F-11D3-BF4B-00C04F79EFBC}") = "BenfordsElection", "BenfordsElection\BenfordsElection.csproj", "{F9016F98-DB35-472E-AE97-253D857B4AD7}"
EndProject
Global
	GlobalSection(SolutionConfigurationPlatforms) = preSolution
		Debug|Any CPU = Debug|Any CPU
		Release|Any CPU = Release|Any CPU
	EndGlobalSection
	GlobalSection(ProjectConfigurationPlatforms) = postSolution
		{F9016F98-DB35-472E-AE97-253D857B4AD7}.Debug|Any CPU.ActiveCfg = Debug|Any CPU
		{F9016F98-DB35-472E-AE97-253D857B4AD7}.Debug|Any CPU.Build.0 = Debug|Any CPU
		{F9016F98-DB35-472E-AE97-253D857B4AD7}.Release|Any CPU.ActiveCfg = Release|Any CPU
		{F9016F98-DB35-472E-AE97-253D857B4AD7}.Release|Any CPU.Build.0 = Release|Any CPU
	EndGlobalSection
	GlobalSection(SolutionProperties) = preSolution
		HideSolutionNode = FALSE
	EndGlobalSection
	GlobalSection(ExtensibilityGlobals) = postSolution
		SolutionGuid = {31DCF1BE-782A-43A6-953F-5402477B4D6C}
	EndGlobalSection
EndGlobal
